// !$*UTF8*$!
{
	archiveVersion = 1;
	classes = {
	};
	objectVersion = 46;
	objects = {

/* Begin PBXBuildFile section */
		0091D8F90E81B9330029341E /* OpenGL.framework in Frameworks */ = {isa = PBXBuildFile; fileRef = 0091D8F80E81B9330029341E /* OpenGL.framework */; };
		00B784B30FF439BC000DE1D7 /* Accelerate.framework in Frameworks */ = {isa = PBXBuildFile; fileRef = 00B784AF0FF439BC000DE1D7 /* Accelerate.framework */; };
		00B784B40FF439BC000DE1D7 /* AudioToolbox.framework in Frameworks */ = {isa = PBXBuildFile; fileRef = 00B784B00FF439BC000DE1D7 /* AudioToolbox.framework */; };
		00B784B50FF439BC000DE1D7 /* AudioUnit.framework in Frameworks */ = {isa = PBXBuildFile; fileRef = 00B784B10FF439BC000DE1D7 /* AudioUnit.framework */; };
		00B784B60FF439BC000DE1D7 /* CoreAudio.framework in Frameworks */ = {isa = PBXBuildFile; fileRef = 00B784B20FF439BC000DE1D7 /* CoreAudio.framework */; };
		011611AE1974209E002271C8 /* TUIOTestSampleApp.cpp in Sources */ = {isa = PBXBuildFile; fileRef = 011611AD1974209E002271C8 /* TUIOTestSampleApp.cpp */; };
		0C56C18EC3574FFC8EC73091 /* BaseTouchObject.cpp in Sources */ = {isa = PBXBuildFile; fileRef = EE6FD92909964EBC80926A59 /* BaseTouchObject.cpp */; };
		2FDE27736DE04AB98B5E44FB /* OscBundle.cpp in Sources */ = {isa = PBXBuildFile; fileRef = 4331F3C3C36B4103BEFBB01B /* OscBundle.cpp */; };
		34CE0D64672644F09296C726 /* BaseButton.cpp in Sources */ = {isa = PBXBuildFile; fileRef = C9A722E3832F4CA5B3378FFD /* BaseButton.cpp */; };
		3E0B82C3C5DE4AEFA9853684 /* IpEndpointName.cpp in Sources */ = {isa = PBXBuildFile; fileRef = 963B1DD3C8C841A394FB6E52 /* IpEndpointName.cpp */; };
		4E1D72CD2B2A447480E91CC6 /* NetworkingUtils.cpp in Sources */ = {isa = PBXBuildFile; fileRef = 9B85A2517DC8483B99605CFB /* NetworkingUtils.cpp */; };
		5323E6B20EAFCA74003A9687 /* CoreVideo.framework in Frameworks */ = {isa = PBXBuildFile; fileRef = 5323E6B10EAFCA74003A9687 /* CoreVideo.framework */; };
		5323E6B60EAFCA7E003A9687 /* QTKit.framework in Frameworks */ = {isa = PBXBuildFile; fileRef = 5323E6B50EAFCA7E003A9687 /* QTKit.framework */; };
		575500E70F9F44B5AB5FCE35 /* OscListener.cpp in Sources */ = {isa = PBXBuildFile; fileRef = CEF24287090B44DE83578827 /* OscListener.cpp */; };
		591898E30EC041768CD6C823 /* UdpSocket.cpp in Sources */ = {isa = PBXBuildFile; fileRef = D5BC7252B6F84224989B306F /* UdpSocket.cpp */; };
		64A6460559AE484CA41040CE /* OscReceivedElements.cpp in Sources */ = {isa = PBXBuildFile; fileRef = 4F76903575CE4A96AB5470A9 /* OscReceivedElements.cpp */; };
		69B7C6330BAF48D992174978 /* OscOutboundPacketStream.cpp in Sources */ = {isa = PBXBuildFile; fileRef = 4B5E4163ABE04D598EA89775 /* OscOutboundPacketStream.cpp */; };
		746DC840C7424E778744F728 /* TuioClient.cpp in Sources */ = {isa = PBXBuildFile; fileRef = C11B9A96C2414B22967563A1 /* TuioClient.cpp */; };
		799D3D7BF2044B53AD95A73A /* OscPrintReceivedElements.cpp in Sources */ = {isa = PBXBuildFile; fileRef = B774747052CA40F6A98D501A /* OscPrintReceivedElements.cpp */; };
		8821BAEDDC1245E78AADDFF9 /* TUIO.cpp in Sources */ = {isa = PBXBuildFile; fileRef = 3FA38A5C28594E5C9B77C0F5 /* TUIO.cpp */; };
		8D11072F0486CEB800E47090 /* Cocoa.framework in Frameworks */ = {isa = PBXBuildFile; fileRef = 1058C7A1FEA54F0111CA2CBB /* Cocoa.framework */; };
		C07FB6B6B89548E5A2512022 /* Mouse.cpp in Sources */ = {isa = PBXBuildFile; fileRef = C332FBCD16FA469FBCEFABCA /* Mouse.cpp */; };
		CAAC68AA14B94BEBB8B71131 /* OscSender.cpp in Sources */ = {isa = PBXBuildFile; fileRef = 36DDBF3E52224924AE370CB1 /* OscSender.cpp */; };
		CD2D01B32D724F1C9BB3BF75 /* TouchManager.cpp in Sources */ = {isa = PBXBuildFile; fileRef = 5DE3907DD5F94A3E84C06AC2 /* TouchManager.cpp */; };
		CFFDCFAF99464CCE90EB7595 /* OscMessage.cpp in Sources */ = {isa = PBXBuildFile; fileRef = 02151F05169249EC837F0BBB /* OscMessage.cpp */; };
		E702D4C5C33040D9B0BE5B0D /* OscTypes.cpp in Sources */ = {isa = PBXBuildFile; fileRef = F2E98273FC8549F9BBA537D4 /* OscTypes.cpp */; };
/* End PBXBuildFile section */

/* Begin PBXFileReference section */
		0091D8F80E81B9330029341E /* OpenGL.framework */ = {isa = PBXFileReference; lastKnownFileType = wrapper.framework; name = OpenGL.framework; path = /System/Library/Frameworks/OpenGL.framework; sourceTree = "<absolute>"; };
		00B784AF0FF439BC000DE1D7 /* Accelerate.framework */ = {isa = PBXFileReference; lastKnownFileType = wrapper.framework; name = Accelerate.framework; path = System/Library/Frameworks/Accelerate.framework; sourceTree = SDKROOT; };
		00B784B00FF439BC000DE1D7 /* AudioToolbox.framework */ = {isa = PBXFileReference; lastKnownFileType = wrapper.framework; name = AudioToolbox.framework; path = System/Library/Frameworks/AudioToolbox.framework; sourceTree = SDKROOT; };
		00B784B10FF439BC000DE1D7 /* AudioUnit.framework */ = {isa = PBXFileReference; lastKnownFileType = wrapper.framework; name = AudioUnit.framework; path = System/Library/Frameworks/AudioUnit.framework; sourceTree = SDKROOT; };
		00B784B20FF439BC000DE1D7 /* CoreAudio.framework */ = {isa = PBXFileReference; lastKnownFileType = wrapper.framework; name = CoreAudio.framework; path = System/Library/Frameworks/CoreAudio.framework; sourceTree = SDKROOT; };
		011611AD1974209E002271C8 /* TUIOTestSampleApp.cpp */ = {isa = PBXFileReference; fileEncoding = 4; lastKnownFileType = sourcecode.cpp.cpp; name = TUIOTestSampleApp.cpp; path = ../src/TUIOTestSampleApp.cpp; sourceTree = "<group>"; };
		02151F05169249EC837F0BBB /* OscMessage.cpp */ = {isa = PBXFileReference; lastKnownFileType = sourcecode.c.cpp; name = OscMessage.cpp; path = ../../../../OSC/src/OscMessage.cpp; sourceTree = "<group>"; };
		05A6867FB262451387EF27EF /* OscException.h */ = {isa = PBXFileReference; lastKnownFileType = sourcecode.c.h; name = OscException.h; path = ../../../../OSC/src/osc/OscException.h; sourceTree = "<group>"; };
		071EAD2A867F43D394A87609 /* OscTypes.h */ = {isa = PBXFileReference; lastKnownFileType = sourcecode.c.h; name = OscTypes.h; path = ../../../../OSC/src/osc/OscTypes.h; sourceTree = "<group>"; };
		0AEF176559124ECC9B744E62 /* TUIO.h */ = {isa = PBXFileReference; lastKnownFileType = sourcecode.c.h; name = TUIO.h; path = ../../../src/modules/TouchDrivers/TUIO.h; sourceTree = "<group>"; };
		1058C7A1FEA54F0111CA2CBB /* Cocoa.framework */ = {isa = PBXFileReference; lastKnownFileType = wrapper.framework; name = Cocoa.framework; path = /System/Library/Frameworks/Cocoa.framework; sourceTree = "<absolute>"; };
		29B97324FDCFA39411CA2CEA /* AppKit.framework */ = {isa = PBXFileReference; lastKnownFileType = wrapper.framework; name = AppKit.framework; path = /System/Library/Frameworks/AppKit.framework; sourceTree = "<absolute>"; };
		29B97325FDCFA39411CA2CEA /* Foundation.framework */ = {isa = PBXFileReference; lastKnownFileType = wrapper.framework; name = Foundation.framework; path = /System/Library/Frameworks/Foundation.framework; sourceTree = "<absolute>"; };
		2D0F250862B346808A6D4B40 /* OscPrintReceivedElements.h */ = {isa = PBXFileReference; lastKnownFileType = sourcecode.c.h; name = OscPrintReceivedElements.h; path = ../../../../OSC/src/osc/OscPrintReceivedElements.h; sourceTree = "<group>"; };
		36DDBF3E52224924AE370CB1 /* OscSender.cpp */ = {isa = PBXFileReference; lastKnownFileType = sourcecode.c.cpp; name = OscSender.cpp; path = ../../../../OSC/src/OscSender.cpp; sourceTree = "<group>"; };
		3FA38A5C28594E5C9B77C0F5 /* TUIO.cpp */ = {isa = PBXFileReference; lastKnownFileType = sourcecode.c.cpp; name = TUIO.cpp; path = ../../../src/modules/TouchDrivers/TUIO.cpp; sourceTree = "<group>"; };
		4331F3C3C36B4103BEFBB01B /* OscBundle.cpp */ = {isa = PBXFileReference; lastKnownFileType = sourcecode.c.cpp; name = OscBundle.cpp; path = ../../../../OSC/src/OscBundle.cpp; sourceTree = "<group>"; };
		4827F38EBADF4C33A6E2C02B /* OscHostEndianness.h */ = {isa = PBXFileReference; lastKnownFileType = sourcecode.c.h; name = OscHostEndianness.h; path = ../../../../OSC/src/osc/OscHostEndianness.h; sourceTree = "<group>"; };
		4B5E4163ABE04D598EA89775 /* OscOutboundPacketStream.cpp */ = {isa = PBXFileReference; lastKnownFileType = sourcecode.c.cpp; name = OscOutboundPacketStream.cpp; path = ../../../../OSC/src/osc/OscOutboundPacketStream.cpp; sourceTree = "<group>"; };
		4F76903575CE4A96AB5470A9 /* OscReceivedElements.cpp */ = {isa = PBXFileReference; lastKnownFileType = sourcecode.c.cpp; name = OscReceivedElements.cpp; path = ../../../../OSC/src/osc/OscReceivedElements.cpp; sourceTree = "<group>"; };
		5323E6B10EAFCA74003A9687 /* CoreVideo.framework */ = {isa = PBXFileReference; lastKnownFileType = wrapper.framework; name = CoreVideo.framework; path = /System/Library/Frameworks/CoreVideo.framework; sourceTree = "<absolute>"; };
		5323E6B50EAFCA7E003A9687 /* QTKit.framework */ = {isa = PBXFileReference; lastKnownFileType = wrapper.framework; name = QTKit.framework; path = /System/Library/Frameworks/QTKit.framework; sourceTree = "<absolute>"; };
		5DE3907DD5F94A3E84C06AC2 /* TouchManager.cpp */ = {isa = PBXFileReference; lastKnownFileType = sourcecode.c.cpp; name = TouchManager.cpp; path = ../../../src/core/TouchManager.cpp; sourceTree = "<group>"; };
		63249F7B254C4F2185945070 /* OscBundle.h */ = {isa = PBXFileReference; lastKnownFileType = sourcecode.c.h; name = OscBundle.h; path = ../../../../OSC/src/OscBundle.h; sourceTree = "<group>"; };
		6658D05EA26041A98A40B08B /* OscMessage.h */ = {isa = PBXFileReference; lastKnownFileType = sourcecode.c.h; name = OscMessage.h; path = ../../../../OSC/src/OscMessage.h; sourceTree = "<group>"; };
		685B994E0FCC4601A1166691 /* TuioProfileBase.h */ = {isa = PBXFileReference; lastKnownFileType = sourcecode.c.h; name = TuioProfileBase.h; path = ../../../../TUIO/include/TuioProfileBase.h; sourceTree = "<group>"; };
		6C434EC99B3243618561BCE9 /* TUIOTestSampleApp_Prefix.pch */ = {isa = PBXFileReference; lastKnownFileType = "\"\""; path = TUIOTestSampleApp_Prefix.pch; sourceTree = "<group>"; };
		70D9BA52853B44BF85AE26D4 /* BaseTouchObject.h */ = {isa = PBXFileReference; lastKnownFileType = sourcecode.c.h; name = BaseTouchObject.h; path = ../../../src/core/BaseTouchObject.h; sourceTree = "<group>"; };
		759031236BD24BAAABA009FF /* PacketListener.h */ = {isa = PBXFileReference; lastKnownFileType = sourcecode.c.h; name = PacketListener.h; path = ../../../../OSC/src/ip/PacketListener.h; sourceTree = "<group>"; };
		776CBAB54F804950BDC98735 /* UdpSocket.h */ = {isa = PBXFileReference; lastKnownFileType = sourcecode.c.h; name = UdpSocket.h; path = ../../../../OSC/src/ip/UdpSocket.h; sourceTree = "<group>"; };
		7CCAFE8A6F944BEE829E8AC2 /* OscOutboundPacketStream.h */ = {isa = PBXFileReference; lastKnownFileType = sourcecode.c.h; name = OscOutboundPacketStream.h; path = ../../../../OSC/src/osc/OscOutboundPacketStream.h; sourceTree = "<group>"; };
		800AA9F3BFC843DBB9311648 /* OscPacketListener.h */ = {isa = PBXFileReference; lastKnownFileType = sourcecode.c.h; name = OscPacketListener.h; path = ../../../../OSC/src/osc/OscPacketListener.h; sourceTree = "<group>"; };
		83A3776C569C4521A8115844 /* OscReceivedElements.h */ = {isa = PBXFileReference; lastKnownFileType = sourcecode.c.h; name = OscReceivedElements.h; path = ../../../../OSC/src/osc/OscReceivedElements.h; sourceTree = "<group>"; };
		871C2F30410C4404B1C8D6C1 /* Mouse.h */ = {isa = PBXFileReference; lastKnownFileType = sourcecode.c.h; name = Mouse.h; path = ../../../src/modules/TouchDrivers/Mouse.h; sourceTree = "<group>"; };
		883EA4212A974C73998E551A /* NetworkingUtils.h */ = {isa = PBXFileReference; lastKnownFileType = sourcecode.c.h; name = NetworkingUtils.h; path = ../../../../OSC/src/ip/NetworkingUtils.h; sourceTree = "<group>"; };
		8D1107320486CEB800E47090 /* TUIOTestSampleApp.app */ = {isa = PBXFileReference; explicitFileType = wrapper.application; includeInIndex = 0; path = TUIOTestSampleApp.app; sourceTree = BUILT_PRODUCTS_DIR; };
		963B1DD3C8C841A394FB6E52 /* IpEndpointName.cpp */ = {isa = PBXFileReference; lastKnownFileType = sourcecode.c.cpp; name = IpEndpointName.cpp; path = ../../../../OSC/src/ip/IpEndpointName.cpp; sourceTree = "<group>"; };
		99FA7075EA8640499B8BF7B9 /* TuioCursor.h */ = {isa = PBXFileReference; lastKnownFileType = sourcecode.c.h; name = TuioCursor.h; path = ../../../../TUIO/include/TuioCursor.h; sourceTree = "<group>"; };
		9B85A2517DC8483B99605CFB /* NetworkingUtils.cpp */ = {isa = PBXFileReference; lastKnownFileType = sourcecode.c.cpp; name = NetworkingUtils.cpp; path = ../../../../OSC/src/ip/posix/NetworkingUtils.cpp; sourceTree = "<group>"; };
		A2E0883F4DC347569568449D /* TouchManager.h */ = {isa = PBXFileReference; lastKnownFileType = sourcecode.c.h; name = TouchManager.h; path = ../../../src/core/TouchManager.h; sourceTree = "<group>"; };
		AB540C62F9064BDBB04244A2 /* IpEndpointName.h */ = {isa = PBXFileReference; lastKnownFileType = sourcecode.c.h; name = IpEndpointName.h; path = ../../../../OSC/src/ip/IpEndpointName.h; sourceTree = "<group>"; };
		AC7B3F1C73FE47D8ACAE8A8F /* TimerListener.h */ = {isa = PBXFileReference; lastKnownFileType = sourcecode.c.h; name = TimerListener.h; path = ../../../../OSC/src/ip/TimerListener.h; sourceTree = "<group>"; };
		B58465C9530045949F4FD740 /* TuioObject.h */ = {isa = PBXFileReference; lastKnownFileType = sourcecode.c.h; name = TuioObject.h; path = ../../../../TUIO/include/TuioObject.h; sourceTree = "<group>"; };
		B774747052CA40F6A98D501A /* OscPrintReceivedElements.cpp */ = {isa = PBXFileReference; lastKnownFileType = sourcecode.c.cpp; name = OscPrintReceivedElements.cpp; path = ../../../../OSC/src/osc/OscPrintReceivedElements.cpp; sourceTree = "<group>"; };
		B9DAAD8046AD4BF0980CADD0 /* Resources.h */ = {isa = PBXFileReference; lastKnownFileType = sourcecode.c.h; name = Resources.h; path = ../include/Resources.h; sourceTree = "<group>"; };
		C11B9A96C2414B22967563A1 /* TuioClient.cpp */ = {isa = PBXFileReference; lastKnownFileType = sourcecode.c.cpp; name = TuioClient.cpp; path = ../../../../TUIO/src/TuioClient.cpp; sourceTree = "<group>"; };
		C332FBCD16FA469FBCEFABCA /* Mouse.cpp */ = {isa = PBXFileReference; lastKnownFileType = sourcecode.c.cpp; name = Mouse.cpp; path = ../../../src/modules/TouchDrivers/Mouse.cpp; sourceTree = "<group>"; };
		C3C34BA27AC040A1874A8BAD /* TuioClient.h */ = {isa = PBXFileReference; lastKnownFileType = sourcecode.c.h; name = TuioClient.h; path = ../../../../TUIO/include/TuioClient.h; sourceTree = "<group>"; };
		C7BFCEFE779A4AC7903FF492 /* OscSender.h */ = {isa = PBXFileReference; lastKnownFileType = sourcecode.c.h; name = OscSender.h; path = ../../../../OSC/src/OscSender.h; sourceTree = "<group>"; };
		C9A722E3832F4CA5B3378FFD /* BaseButton.cpp */ = {isa = PBXFileReference; lastKnownFileType = sourcecode.c.cpp; name = BaseButton.cpp; path = ../../../src/modules/TouchObjects/BaseButton.cpp; sourceTree = "<group>"; };
		CEF24287090B44DE83578827 /* OscListener.cpp */ = {isa = PBXFileReference; lastKnownFileType = sourcecode.c.cpp; name = OscListener.cpp; path = ../../../../OSC/src/OscListener.cpp; sourceTree = "<group>"; };
		D31620E378BB4E8BA3F0C5A8 /* Info.plist */ = {isa = PBXFileReference; lastKnownFileType = text.plist.xml; path = Info.plist; sourceTree = "<group>"; };
		D5BC7252B6F84224989B306F /* UdpSocket.cpp */ = {isa = PBXFileReference; lastKnownFileType = sourcecode.c.cpp; name = UdpSocket.cpp; path = ../../../../OSC/src/ip/posix/UdpSocket.cpp; sourceTree = "<group>"; };
		DE3774B7B13B4F678D041C78 /* OscListener.h */ = {isa = PBXFileReference; lastKnownFileType = sourcecode.c.h; name = OscListener.h; path = ../../../../OSC/src/OscListener.h; sourceTree = "<group>"; };
		EA74B77F460E42A089F04D95 /* BaseButton.h */ = {isa = PBXFileReference; lastKnownFileType = sourcecode.c.h; name = BaseButton.h; path = ../../../src/modules/TouchObjects/BaseButton.h; sourceTree = "<group>"; };
		EE6FD92909964EBC80926A59 /* BaseTouchObject.cpp */ = {isa = PBXFileReference; lastKnownFileType = sourcecode.c.cpp; name = BaseTouchObject.cpp; path = ../../../src/core/BaseTouchObject.cpp; sourceTree = "<group>"; };
		F2E98273FC8549F9BBA537D4 /* OscTypes.cpp */ = {isa = PBXFileReference; lastKnownFileType = sourcecode.c.cpp; name = OscTypes.cpp; path = ../../../../OSC/src/osc/OscTypes.cpp; sourceTree = "<group>"; };
		F4A9FEC277D7419B9FCCE50F /* MessageMappingOscPacketListener.h */ = {isa = PBXFileReference; lastKnownFileType = sourcecode.c.h; name = MessageMappingOscPacketListener.h; path = ../../../../OSC/src/osc/MessageMappingOscPacketListener.h; sourceTree = "<group>"; };
		F5A5777E179949BEB1F6FB5A /* OscArg.h */ = {isa = PBXFileReference; lastKnownFileType = sourcecode.c.h; name = OscArg.h; path = ../../../../OSC/src/OscArg.h; sourceTree = "<group>"; };
/* End PBXFileReference section */

/* Begin PBXFrameworksBuildPhase section */
		8D11072E0486CEB800E47090 /* Frameworks */ = {
			isa = PBXFrameworksBuildPhase;
			buildActionMask = 2147483647;
			files = (
				8D11072F0486CEB800E47090 /* Cocoa.framework in Frameworks */,
				0091D8F90E81B9330029341E /* OpenGL.framework in Frameworks */,
				5323E6B20EAFCA74003A9687 /* CoreVideo.framework in Frameworks */,
				5323E6B60EAFCA7E003A9687 /* QTKit.framework in Frameworks */,
				00B784B30FF439BC000DE1D7 /* Accelerate.framework in Frameworks */,
				00B784B40FF439BC000DE1D7 /* AudioToolbox.framework in Frameworks */,
				00B784B50FF439BC000DE1D7 /* AudioUnit.framework in Frameworks */,
				00B784B60FF439BC000DE1D7 /* CoreAudio.framework in Frameworks */,
			);
			runOnlyForDeploymentPostprocessing = 0;
		};
/* End PBXFrameworksBuildPhase section */

/* Begin PBXGroup section */
		01B97315FEAEA392516A2CEA /* Blocks */ = {
			isa = PBXGroup;
			children = (
				03CF3F5F0F004379AF80E5C4 /* Touch */,
				9FC6EE16029B4FF1B05EEC42 /* OSC */,
				9C0858C6B692439EA82D635D /* TUIO */,
			);
			name = Blocks;
			sourceTree = "<group>";
		};
		03CF3F5F0F004379AF80E5C4 /* Touch */ = {
			isa = PBXGroup;
			children = (
				E219F0713A8A4766AFBFB2CD /* src */,
			);
			name = Touch;
			sourceTree = "<group>";
		};
		080E96DDFE201D6D7F000001 /* Source */ = {
			isa = PBXGroup;
			children = (
				011611AD1974209E002271C8 /* TUIOTestSampleApp.cpp */,
			);
			name = Source;
			sourceTree = "<group>";
		};
		104D9C8247084CE880EEA8DB /* include */ = {
			isa = PBXGroup;
			children = (
				C3C34BA27AC040A1874A8BAD /* TuioClient.h */,
				99FA7075EA8640499B8BF7B9 /* TuioCursor.h */,
				B58465C9530045949F4FD740 /* TuioObject.h */,
				685B994E0FCC4601A1166691 /* TuioProfileBase.h */,
			);
			name = include;
			sourceTree = "<group>";
		};
		1058C7A0FEA54F0111CA2CBB /* Linked Frameworks */ = {
			isa = PBXGroup;
			children = (
				00B784AF0FF439BC000DE1D7 /* Accelerate.framework */,
				00B784B00FF439BC000DE1D7 /* AudioToolbox.framework */,
				00B784B10FF439BC000DE1D7 /* AudioUnit.framework */,
				00B784B20FF439BC000DE1D7 /* CoreAudio.framework */,
				5323E6B50EAFCA7E003A9687 /* QTKit.framework */,
				5323E6B10EAFCA74003A9687 /* CoreVideo.framework */,
				0091D8F80E81B9330029341E /* OpenGL.framework */,
				1058C7A1FEA54F0111CA2CBB /* Cocoa.framework */,
			);
			name = "Linked Frameworks";
			sourceTree = "<group>";
		};
		1058C7A2FEA54F0111CA2CBB /* Other Frameworks */ = {
			isa = PBXGroup;
			children = (
				29B97324FDCFA39411CA2CEA /* AppKit.framework */,
				29B97325FDCFA39411CA2CEA /* Foundation.framework */,
			);
			name = "Other Frameworks";
			sourceTree = "<group>";
		};
		131E246F45B44B979B4DF3CC /* osc */ = {
			isa = PBXGroup;
			children = (
				4B5E4163ABE04D598EA89775 /* OscOutboundPacketStream.cpp */,
				B774747052CA40F6A98D501A /* OscPrintReceivedElements.cpp */,
				4F76903575CE4A96AB5470A9 /* OscReceivedElements.cpp */,
				F2E98273FC8549F9BBA537D4 /* OscTypes.cpp */,
				F4A9FEC277D7419B9FCCE50F /* MessageMappingOscPacketListener.h */,
				05A6867FB262451387EF27EF /* OscException.h */,
				4827F38EBADF4C33A6E2C02B /* OscHostEndianness.h */,
				7CCAFE8A6F944BEE829E8AC2 /* OscOutboundPacketStream.h */,
				800AA9F3BFC843DBB9311648 /* OscPacketListener.h */,
				2D0F250862B346808A6D4B40 /* OscPrintReceivedElements.h */,
				83A3776C569C4521A8115844 /* OscReceivedElements.h */,
				071EAD2A867F43D394A87609 /* OscTypes.h */,
			);
			name = osc;
			sourceTree = "<group>";
		};
		19C28FACFE9D520D11CA2CBB /* Products */ = {
			isa = PBXGroup;
			children = (
				8D1107320486CEB800E47090 /* TUIOTestSampleApp.app */,
			);
			name = Products;
			sourceTree = "<group>";
		};
		29B97314FDCFA39411CA2CEA /* TUIOTestSampleApp */ = {
			isa = PBXGroup;
			children = (
				01B97315FEAEA392516A2CEA /* Blocks */,
				29B97315FDCFA39411CA2CEA /* Headers */,
				080E96DDFE201D6D7F000001 /* Source */,
				29B97317FDCFA39411CA2CEA /* Resources */,
				29B97323FDCFA39411CA2CEA /* Frameworks */,
				19C28FACFE9D520D11CA2CBB /* Products */,
			);
			name = TUIOTestSampleApp;
			sourceTree = "<group>";
		};
		29B97315FDCFA39411CA2CEA /* Headers */ = {
			isa = PBXGroup;
			children = (
				B9DAAD8046AD4BF0980CADD0 /* Resources.h */,
				6C434EC99B3243618561BCE9 /* TUIOTestSampleApp_Prefix.pch */,
			);
			name = Headers;
			sourceTree = "<group>";
		};
		29B97317FDCFA39411CA2CEA /* Resources */ = {
			isa = PBXGroup;
			children = (
				D31620E378BB4E8BA3F0C5A8 /* Info.plist */,
			);
			name = Resources;
			sourceTree = "<group>";
		};
		29B97323FDCFA39411CA2CEA /* Frameworks */ = {
			isa = PBXGroup;
			children = (
				1058C7A0FEA54F0111CA2CBB /* Linked Frameworks */,
				1058C7A2FEA54F0111CA2CBB /* Other Frameworks */,
			);
			name = Frameworks;
			sourceTree = "<group>";
		};
		2D1EB2252C6D44A4AF1F2CFD /* src */ = {
			isa = PBXGroup;
			children = (
				C11B9A96C2414B22967563A1 /* TuioClient.cpp */,
			);
			name = src;
			sourceTree = "<group>";
		};
		37F0592802A340CFB564898A /* posix */ = {
			isa = PBXGroup;
			children = (
				9B85A2517DC8483B99605CFB /* NetworkingUtils.cpp */,
				D5BC7252B6F84224989B306F /* UdpSocket.cpp */,
			);
			name = posix;
			sourceTree = "<group>";
		};
		5A90020472A14844BECE9BAE /* TouchDrivers */ = {
			isa = PBXGroup;
			children = (
				C332FBCD16FA469FBCEFABCA /* Mouse.cpp */,
				3FA38A5C28594E5C9B77C0F5 /* TUIO.cpp */,
				871C2F30410C4404B1C8D6C1 /* Mouse.h */,
				0AEF176559124ECC9B744E62 /* TUIO.h */,
			);
			name = TouchDrivers;
			sourceTree = "<group>";
		};
		6E279FC4691A42808C039961 /* modules */ = {
			isa = PBXGroup;
			children = (
				EA3139DE215246FEAE0A1A72 /* TouchObjects */,
				5A90020472A14844BECE9BAE /* TouchDrivers */,
			);
			name = modules;
			sourceTree = "<group>";
		};
		9C0858C6B692439EA82D635D /* TUIO */ = {
			isa = PBXGroup;
			children = (
				2D1EB2252C6D44A4AF1F2CFD /* src */,
				104D9C8247084CE880EEA8DB /* include */,
			);
			name = TUIO;
			sourceTree = "<group>";
		};
		9FC6EE16029B4FF1B05EEC42 /* OSC */ = {
			isa = PBXGroup;
			children = (
				E8AE57FCB6E24E3C8A6E0350 /* src */,
			);
			name = OSC;
			sourceTree = "<group>";
		};
		A3A3BFD78B164DD7AB1728E9 /* core */ = {
			isa = PBXGroup;
			children = (
				EE6FD92909964EBC80926A59 /* BaseTouchObject.cpp */,
				5DE3907DD5F94A3E84C06AC2 /* TouchManager.cpp */,
				70D9BA52853B44BF85AE26D4 /* BaseTouchObject.h */,
				A2E0883F4DC347569568449D /* TouchManager.h */,
			);
			name = core;
			sourceTree = "<group>";
		};
		A49208BE34134D3E90634320 /* ip */ = {
			isa = PBXGroup;
			children = (
				963B1DD3C8C841A394FB6E52 /* IpEndpointName.cpp */,
				AB540C62F9064BDBB04244A2 /* IpEndpointName.h */,
				883EA4212A974C73998E551A /* NetworkingUtils.h */,
				759031236BD24BAAABA009FF /* PacketListener.h */,
				AC7B3F1C73FE47D8ACAE8A8F /* TimerListener.h */,
				776CBAB54F804950BDC98735 /* UdpSocket.h */,
				37F0592802A340CFB564898A /* posix */,
			);
			name = ip;
			sourceTree = "<group>";
		};
		E219F0713A8A4766AFBFB2CD /* src */ = {
			isa = PBXGroup;
			children = (
				A3A3BFD78B164DD7AB1728E9 /* core */,
				6E279FC4691A42808C039961 /* modules */,
			);
			name = src;
			sourceTree = "<group>";
		};
		E8AE57FCB6E24E3C8A6E0350 /* src */ = {
			isa = PBXGroup;
			children = (
				4331F3C3C36B4103BEFBB01B /* OscBundle.cpp */,
				CEF24287090B44DE83578827 /* OscListener.cpp */,
				02151F05169249EC837F0BBB /* OscMessage.cpp */,
				36DDBF3E52224924AE370CB1 /* OscSender.cpp */,
				A49208BE34134D3E90634320 /* ip */,
				131E246F45B44B979B4DF3CC /* osc */,
				F5A5777E179949BEB1F6FB5A /* OscArg.h */,
				63249F7B254C4F2185945070 /* OscBundle.h */,
				DE3774B7B13B4F678D041C78 /* OscListener.h */,
				6658D05EA26041A98A40B08B /* OscMessage.h */,
				C7BFCEFE779A4AC7903FF492 /* OscSender.h */,
			);
			name = src;
			sourceTree = "<group>";
		};
		EA3139DE215246FEAE0A1A72 /* TouchObjects */ = {
			isa = PBXGroup;
			children = (
				C9A722E3832F4CA5B3378FFD /* BaseButton.cpp */,
				EA74B77F460E42A089F04D95 /* BaseButton.h */,
			);
			name = TouchObjects;
			sourceTree = "<group>";
		};
/* End PBXGroup section */

/* Begin PBXNativeTarget section */
		8D1107260486CEB800E47090 /* TUIOTestSampleApp */ = {
			isa = PBXNativeTarget;
			buildConfigurationList = C01FCF4A08A954540054247B /* Build configuration list for PBXNativeTarget "TUIOTestSampleApp" */;
			buildPhases = (
				8D1107290486CEB800E47090 /* Resources */,
				8D11072C0486CEB800E47090 /* Sources */,
				8D11072E0486CEB800E47090 /* Frameworks */,
			);
			buildRules = (
			);
			dependencies = (
			);
			name = TUIOTestSampleApp;
			productInstallPath = "$(HOME)/Applications";
			productName = TUIOTestSampleApp;
			productReference = 8D1107320486CEB800E47090 /* TUIOTestSampleApp.app */;
			productType = "com.apple.product-type.application";
		};
/* End PBXNativeTarget section */

/* Begin PBXProject section */
		29B97313FDCFA39411CA2CEA /* Project object */ = {
			isa = PBXProject;
			buildConfigurationList = C01FCF4E08A954540054247B /* Build configuration list for PBXProject "TUIOTestSampleApp" */;
			compatibilityVersion = "Xcode 3.2";
			developmentRegion = English;
			hasScannedForEncodings = 1;
			knownRegions = (
				English,
				Japanese,
				French,
				German,
			);
			mainGroup = 29B97314FDCFA39411CA2CEA /* TUIOTestSampleApp */;
			projectDirPath = "";
			projectRoot = "";
			targets = (
				8D1107260486CEB800E47090 /* TUIOTestSampleApp */,
			);
		};
/* End PBXProject section */

/* Begin PBXResourcesBuildPhase section */
		8D1107290486CEB800E47090 /* Resources */ = {
			isa = PBXResourcesBuildPhase;
			buildActionMask = 2147483647;
			files = (
			);
			runOnlyForDeploymentPostprocessing = 0;
		};
/* End PBXResourcesBuildPhase section */

/* Begin PBXSourcesBuildPhase section */
		8D11072C0486CEB800E47090 /* Sources */ = {
			isa = PBXSourcesBuildPhase;
			buildActionMask = 2147483647;
			files = (
				0C56C18EC3574FFC8EC73091 /* BaseTouchObject.cpp in Sources */,
				CD2D01B32D724F1C9BB3BF75 /* TouchManager.cpp in Sources */,
				34CE0D64672644F09296C726 /* BaseButton.cpp in Sources */,
				C07FB6B6B89548E5A2512022 /* Mouse.cpp in Sources */,
				8821BAEDDC1245E78AADDFF9 /* TUIO.cpp in Sources */,
				2FDE27736DE04AB98B5E44FB /* OscBundle.cpp in Sources */,
				575500E70F9F44B5AB5FCE35 /* OscListener.cpp in Sources */,
				CFFDCFAF99464CCE90EB7595 /* OscMessage.cpp in Sources */,
				CAAC68AA14B94BEBB8B71131 /* OscSender.cpp in Sources */,
				3E0B82C3C5DE4AEFA9853684 /* IpEndpointName.cpp in Sources */,
				69B7C6330BAF48D992174978 /* OscOutboundPacketStream.cpp in Sources */,
				799D3D7BF2044B53AD95A73A /* OscPrintReceivedElements.cpp in Sources */,
				64A6460559AE484CA41040CE /* OscReceivedElements.cpp in Sources */,
				E702D4C5C33040D9B0BE5B0D /* OscTypes.cpp in Sources */,
				4E1D72CD2B2A447480E91CC6 /* NetworkingUtils.cpp in Sources */,
				591898E30EC041768CD6C823 /* UdpSocket.cpp in Sources */,
				746DC840C7424E778744F728 /* TuioClient.cpp in Sources */,
				011611AE1974209E002271C8 /* TUIOTestSampleApp.cpp in Sources */,
			);
			runOnlyForDeploymentPostprocessing = 0;
		};
/* End PBXSourcesBuildPhase section */

/* Begin XCBuildConfiguration section */
		C01FCF4B08A954540054247B /* Debug */ = {
			isa = XCBuildConfiguration;
			buildSettings = {
				COMBINE_HIDPI_IMAGES = YES;
				COPY_PHASE_STRIP = NO;
				DEAD_CODE_STRIPPING = YES;
				GCC_DYNAMIC_NO_PIC = NO;
				GCC_INLINES_ARE_PRIVATE_EXTERN = YES;
				GCC_OPTIMIZATION_LEVEL = 0;
				GCC_PRECOMPILE_PREFIX_HEADER = YES;
				GCC_PREFIX_HEADER = TUIOTestSampleApp_Prefix.pch;
				GCC_PREPROCESSOR_DEFINITIONS = (
					"DEBUG=1",
					"$(inherited)",
				);
				GCC_SYMBOLS_PRIVATE_EXTERN = NO;
				INFOPLIST_FILE = Info.plist;
				INSTALL_PATH = "$(HOME)/Applications";
				OTHER_LDFLAGS = "\"$(CINDER_PATH)/lib/libcinder_d.a\"";
				PRODUCT_NAME = TUIOTestSampleApp;
				SYMROOT = ./build;
				WRAPPER_EXTENSION = app;
			};
			name = Debug;
		};
		C01FCF4C08A954540054247B /* Release */ = {
			isa = XCBuildConfiguration;
			buildSettings = {
				COMBINE_HIDPI_IMAGES = YES;
				DEAD_CODE_STRIPPING = YES;
				DEBUG_INFORMATION_FORMAT = "dwarf-with-dsym";
				GCC_FAST_MATH = YES;
				GCC_GENERATE_DEBUGGING_SYMBOLS = NO;
				GCC_INLINES_ARE_PRIVATE_EXTERN = YES;
				GCC_OPTIMIZATION_LEVEL = 3;
				GCC_PRECOMPILE_PREFIX_HEADER = YES;
				GCC_PREFIX_HEADER = TUIOTestSampleApp_Prefix.pch;
				GCC_SYMBOLS_PRIVATE_EXTERN = NO;
				INFOPLIST_FILE = Info.plist;
				INSTALL_PATH = "$(HOME)/Applications";
				OTHER_LDFLAGS = "\"$(CINDER_PATH)/lib/libcinder.a\"";
				PRODUCT_NAME = TUIOTestSampleApp;
				STRIP_INSTALLED_PRODUCT = YES;
				SYMROOT = ./build;
				WRAPPER_EXTENSION = app;
			};
			name = Release;
		};
		C01FCF4F08A954540054247B /* Debug */ = {
			isa = XCBuildConfiguration;
			buildSettings = {
				ALWAYS_SEARCH_USER_PATHS = NO;
				ARCHS = i386;
				CINDER_PATH = ../../../../..;
				CLANG_CXX_LANGUAGE_STANDARD = "c++0x";
				CLANG_CXX_LIBRARY = "libc++";
				GCC_WARN_ABOUT_RETURN_TYPE = YES;
				GCC_WARN_UNUSED_VARIABLE = YES;
				HEADER_SEARCH_PATHS = "\"$(CINDER_PATH)/boost\"";
				MACOSX_DEPLOYMENT_TARGET = 10.7;
				SDKROOT = macosx;
				USER_HEADER_SEARCH_PATHS = "\"$(CINDER_PATH)/include\" ../include ../../../src/core ../../../src/modules ../../../../OSC/src ../../../../TUIO/include";
			};
			name = Debug;
		};
		C01FCF5008A954540054247B /* Release */ = {
			isa = XCBuildConfiguration;
			buildSettings = {
				ALWAYS_SEARCH_USER_PATHS = NO;
				ARCHS = i386;
				CINDER_PATH = ../../../../..;
				CLANG_CXX_LANGUAGE_STANDARD = "c++0x";
				CLANG_CXX_LIBRARY = "libc++";
				GCC_WARN_ABOUT_RETURN_TYPE = YES;
				GCC_WARN_UNUSED_VARIABLE = YES;
				HEADER_SEARCH_PATHS = "\"$(CINDER_PATH)/boost\"";
				MACOSX_DEPLOYMENT_TARGET = 10.7;
				SDKROOT = macosx;
				USER_HEADER_SEARCH_PATHS = "\"$(CINDER_PATH)/include\" ../include ../../../src/core ../../../src/modules ../../../../OSC/src ../../../../TUIO/include";
			};
			name = Release;
		};
/* End XCBuildConfiguration section */

/* Begin XCConfigurationList section */
		C01FCF4A08A954540054247B /* Build configuration list for PBXNativeTarget "TUIOTestSampleApp" */ = {
			isa = XCConfigurationList;
			buildConfigurations = (
				C01FCF4B08A954540054247B /* Debug */,
				C01FCF4C08A954540054247B /* Release */,
			);
			defaultConfigurationIsVisible = 0;
			defaultConfigurationName = Release;
		};
		C01FCF4E08A954540054247B /* Build configuration list for PBXProject "TUIOTestSampleApp" */ = {
			isa = XCConfigurationList;
			buildConfigurations = (
				C01FCF4F08A954540054247B /* Debug */,
				C01FCF5008A954540054247B /* Release */,
			);
			defaultConfigurationIsVisible = 0;
			defaultConfigurationName = Release;
		};
/* End XCConfigurationList section */
	};
	rootObject = 29B97313FDCFA39411CA2CEA /* Project object */;
}
