<?xml version="1.0" encoding="utf-8"?>
<Project ToolsVersion="4.0" xmlns="http://schemas.microsoft.com/developer/msbuild/2003">
  <ItemGroup>
    <Filter Include="Source Files">
      <UniqueIdentifier>{4FC737F1-C7A5-4376-A066-2A32D752A2FF}</UniqueIdentifier>
      <Extensions>cpp;c;cc;cxx;def;odl;idl;hpj;bat;asm;asmx</Extensions>
    </Filter>
    <Filter Include="Header Files">
      <UniqueIdentifier>{93995380-89BD-4b04-88EB-625FBE52EBFB}</UniqueIdentifier>
      <Extensions>h;hpp;hxx;hm;inl;inc;xsd</Extensions>
    </Filter>
    <Filter Include="Resource Files">
      <UniqueIdentifier>{67DA6AB6-F800-4c08-8B7A-83BB121AAD01}</UniqueIdentifier>
      <Extensions>rc;ico;cur;bmp;dlg;rc2;rct;bin;rgs;gif;jpg;jpeg;jpe;resx;tiff;tif;png;wav</Extensions>
    </Filter>
    <Filter Include="Blocks">
      <UniqueIdentifier>{1DE223F8-02AF-402C-99A6-DA766B17E55A}</UniqueIdentifier>
    </Filter>
    <Filter Include="Blocks\Touch">
      <UniqueIdentifier>{5558072B-4A1E-45E6-9A37-068D96A50614}</UniqueIdentifier>
    </Filter>
    <Filter Include="Blocks\Touch\src">
      <UniqueIdentifier>{2FC11FC6-B36D-45F7-8D04-0EF42EFCD8DC}</UniqueIdentifier>
    </Filter>
    <Filter Include="Blocks\Touch\src\core">
      <UniqueIdentifier>{BB66AB97-8EBF-4370-BE3E-8A86202169DD}</UniqueIdentifier>
    </Filter>
    <Filter Include="Blocks\Touch\src\modules">
      <UniqueIdentifier>{0937C998-C662-4B21-B8B1-D94258BED69F}</UniqueIdentifier>
    </Filter>
    <Filter Include="Blocks\Touch\src\modules\TouchObjects">
      <UniqueIdentifier>{AC2C2EDB-3900-410D-923B-EA30E9315D17}</UniqueIdentifier>
    </Filter>
    <Filter Include="Blocks\Touch\src\modules\TouchDrivers">
      <UniqueIdentifier>{346D679E-E15E-46E4-A898-D17643CE6A9C}</UniqueIdentifier>
    </Filter>
    <Filter Include="Blocks\OSC">
      <UniqueIdentifier>{9CCEED52-1844-41F9-A587-87F6F3DF8B4D}</UniqueIdentifier>
    </Filter>
    <Filter Include="Blocks\OSC\src">
      <UniqueIdentifier>{A701DDBA-3506-4268-88B8-351FB690CA5E}</UniqueIdentifier>
    </Filter>
    <Filter Include="Blocks\OSC\src\ip">
      <UniqueIdentifier>{2D8B613C-8BFD-4C46-A868-F6A74FF6AC0B}</UniqueIdentifier>
    </Filter>
    <Filter Include="Blocks\OSC\src\osc">
      <UniqueIdentifier>{031A3D06-3079-45D8-B939-FE60DE7B0E0E}</UniqueIdentifier>
    </Filter>
    <Filter Include="Blocks\OSC\src\ip\win32">
      <UniqueIdentifier>{3F0441AB-4CF5-43C4-96DC-4CF75A52F9A1}</UniqueIdentifier>
    </Filter>
    <Filter Include="Blocks\TUIO">
      <UniqueIdentifier>{6A0AE2D7-08C6-4FF6-846D-C3E51DFA0EF8}</UniqueIdentifier>
    </Filter>
    <Filter Include="Blocks\TUIO\src">
      <UniqueIdentifier>{51BA13E4-45DE-432B-A4A0-F792417E2562}</UniqueIdentifier>
    </Filter>
    <Filter Include="Blocks\TUIO\include">
      <UniqueIdentifier>{6A12413B-A4FA-4C6B-AFC2-9A431B65491F}</UniqueIdentifier>
    </Filter>
    <Filter Include="Blocks\Touch\src\modules\TouchObjects\Button">
      <UniqueIdentifier>{e81a2111-2c63-41cd-a710-fddf2d76a47f}</UniqueIdentifier>
    </Filter>
    <Filter Include="Blocks\Touch\src\modules\TouchObjects\Keyboard">
      <UniqueIdentifier>{b4952c88-2472-422e-9a1b-526c03a1092b}</UniqueIdentifier>
    </Filter>
    <Filter Include="Blocks\Touch\src\modules\TouchObjects\Scrollview">
      <UniqueIdentifier>{1ca1c17d-6380-4272-918b-ee86b2fb0799}</UniqueIdentifier>
    </Filter>
  </ItemGroup>
  <ItemGroup>
    <ClCompile Include="..\src\ButtonSampleApp.cpp">
      <Filter>Source Files</Filter>
    </ClCompile>
    <ClCompile Include="..\src\ButtonSampleApp.cpp">
      <Filter>Source Files</Filter>
    </ClCompile>
    <ClInclude Include="..\include\Resources.h">
      <Filter>Header Files</Filter>
    </ClInclude>
    <ClCompile Include="..\..\..\src\core\BaseTouchObject.cpp">
      <Filter>Blocks\Touch\src\core</Filter>
    </ClCompile>
    <ClCompile Include="..\..\..\src\core\TouchManager.cpp">
      <Filter>Blocks\Touch\src\core</Filter>
    </ClCompile>
    <ClInclude Include="..\..\..\src\core\BaseTouchObject.h">
      <Filter>Blocks\Touch\src\core</Filter>
    </ClInclude>
    <ClInclude Include="..\..\..\src\core\TouchManager.h">
      <Filter>Blocks\Touch\src\core</Filter>
    </ClInclude>
    <ClCompile Include="..\..\..\src\modules\TouchDrivers\Mouse.cpp">
      <Filter>Blocks\Touch\src\modules\TouchDrivers</Filter>
    </ClCompile>
    <ClCompile Include="..\..\..\src\modules\TouchDrivers\TUIO.cpp">
      <Filter>Blocks\Touch\src\modules\TouchDrivers</Filter>
    </ClCompile>
    <ClInclude Include="..\..\..\src\modules\TouchDrivers\Mouse.h">
      <Filter>Blocks\Touch\src\modules\TouchDrivers</Filter>
    </ClInclude>
    <ClInclude Include="..\..\..\src\modules\TouchDrivers\TUIO.h">
      <Filter>Blocks\Touch\src\modules\TouchDrivers</Filter>
    </ClInclude>
    <ClCompile Include="..\..\..\..\OSC\src\OscBundle.cpp">
      <Filter>Blocks\OSC\src</Filter>
    </ClCompile>
    <ClCompile Include="..\..\..\..\OSC\src\OscListener.cpp">
      <Filter>Blocks\OSC\src</Filter>
    </ClCompile>
    <ClCompile Include="..\..\..\..\OSC\src\OscMessage.cpp">
      <Filter>Blocks\OSC\src</Filter>
    </ClCompile>
    <ClCompile Include="..\..\..\..\OSC\src\OscSender.cpp">
      <Filter>Blocks\OSC\src</Filter>
    </ClCompile>
    <ClCompile Include="..\..\..\..\OSC\src\ip\IpEndpointName.cpp">
      <Filter>Blocks\OSC\src\ip</Filter>
    </ClCompile>
    <ClCompile Include="..\..\..\..\OSC\src\osc\OscOutboundPacketStream.cpp">
      <Filter>Blocks\OSC\src\osc</Filter>
    </ClCompile>
    <ClCompile Include="..\..\..\..\OSC\src\osc\OscPrintReceivedElements.cpp">
      <Filter>Blocks\OSC\src\osc</Filter>
    </ClCompile>
    <ClCompile Include="..\..\..\..\OSC\src\osc\OscReceivedElements.cpp">
      <Filter>Blocks\OSC\src\osc</Filter>
    </ClCompile>
    <ClCompile Include="..\..\..\..\OSC\src\osc\OscTypes.cpp">
      <Filter>Blocks\OSC\src\osc</Filter>
    </ClCompile>
    <ClInclude Include="..\..\..\..\OSC\src\OscArg.h">
      <Filter>Blocks\OSC\src</Filter>
    </ClInclude>
    <ClInclude Include="..\..\..\..\OSC\src\OscBundle.h">
      <Filter>Blocks\OSC\src</Filter>
    </ClInclude>
    <ClInclude Include="..\..\..\..\OSC\src\OscListener.h">
      <Filter>Blocks\OSC\src</Filter>
    </ClInclude>
    <ClInclude Include="..\..\..\..\OSC\src\OscMessage.h">
      <Filter>Blocks\OSC\src</Filter>
    </ClInclude>
    <ClInclude Include="..\..\..\..\OSC\src\OscSender.h">
      <Filter>Blocks\OSC\src</Filter>
    </ClInclude>
    <ClInclude Include="..\..\..\..\OSC\src\ip\IpEndpointName.h">
      <Filter>Blocks\OSC\src\ip</Filter>
    </ClInclude>
    <ClInclude Include="..\..\..\..\OSC\src\ip\NetworkingUtils.h">
      <Filter>Blocks\OSC\src\ip</Filter>
    </ClInclude>
    <ClInclude Include="..\..\..\..\OSC\src\ip\PacketListener.h">
      <Filter>Blocks\OSC\src\ip</Filter>
    </ClInclude>
    <ClInclude Include="..\..\..\..\OSC\src\ip\TimerListener.h">
      <Filter>Blocks\OSC\src\ip</Filter>
    </ClInclude>
    <ClInclude Include="..\..\..\..\OSC\src\ip\UdpSocket.h">
      <Filter>Blocks\OSC\src\ip</Filter>
    </ClInclude>
    <ClInclude Include="..\..\..\..\OSC\src\osc\MessageMappingOscPacketListener.h">
      <Filter>Blocks\OSC\src\osc</Filter>
    </ClInclude>
    <ClInclude Include="..\..\..\..\OSC\src\osc\OscException.h">
      <Filter>Blocks\OSC\src\osc</Filter>
    </ClInclude>
    <ClInclude Include="..\..\..\..\OSC\src\osc\OscHostEndianness.h">
      <Filter>Blocks\OSC\src\osc</Filter>
    </ClInclude>
    <ClInclude Include="..\..\..\..\OSC\src\osc\OscOutboundPacketStream.h">
      <Filter>Blocks\OSC\src\osc</Filter>
    </ClInclude>
    <ClInclude Include="..\..\..\..\OSC\src\osc\OscPacketListener.h">
      <Filter>Blocks\OSC\src\osc</Filter>
    </ClInclude>
    <ClInclude Include="..\..\..\..\OSC\src\osc\OscPrintReceivedElements.h">
      <Filter>Blocks\OSC\src\osc</Filter>
    </ClInclude>
    <ClInclude Include="..\..\..\..\OSC\src\osc\OscReceivedElements.h">
      <Filter>Blocks\OSC\src\osc</Filter>
    </ClInclude>
    <ClInclude Include="..\..\..\..\OSC\src\osc\OscTypes.h">
      <Filter>Blocks\OSC\src\osc</Filter>
    </ClInclude>
    <ClCompile Include="..\..\..\..\OSC\src\ip\win32\NetworkingUtils.cpp">
      <Filter>Blocks\OSC\src\ip\win32</Filter>
    </ClCompile>
    <ClCompile Include="..\..\..\..\OSC\src\ip\win32\UdpSocket.cpp">
      <Filter>Blocks\OSC\src\ip\win32</Filter>
    </ClCompile>
    <ClCompile Include="..\..\..\..\TUIO\src\TuioClient.cpp">
      <Filter>Blocks\TUIO\src</Filter>
    </ClCompile>
    <ClInclude Include="..\..\..\..\TUIO\include\TuioClient.h">
      <Filter>Blocks\TUIO\include</Filter>
    </ClInclude>
    <ClInclude Include="..\..\..\..\TUIO\include\TuioCursor.h">
      <Filter>Blocks\TUIO\include</Filter>
    </ClInclude>
    <ClInclude Include="..\..\..\..\TUIO\include\TuioObject.h">
      <Filter>Blocks\TUIO\include</Filter>
    </ClInclude>
    <ClInclude Include="..\..\..\..\TUIO\include\TuioProfileBase.h">
      <Filter>Blocks\TUIO\include</Filter>
    </ClInclude>
    <ClCompile Include="..\..\..\src\modules\TouchObjects\Button\BaseButton.cpp">
      <Filter>Blocks\Touch\src\modules\TouchObjects\Button</Filter>
    </ClCompile>
    <ClCompile Include="..\..\..\src\modules\TouchObjects\Keyboard\Key.cpp">
      <Filter>Blocks\Touch\src\modules\TouchObjects\Keyboard</Filter>
    </ClCompile>
    <ClCompile Include="..\..\..\src\modules\TouchObjects\Keyboard\Keyboard.cpp">
      <Filter>Blocks\Touch\src\modules\TouchObjects\Keyboard</Filter>
    </ClCompile>
    <ClCompile Include="..\..\..\src\modules\TouchObjects\ScrollView\ScrollViewSection.cpp">
      <Filter>Blocks\Touch\src\modules\TouchObjects\Scrollview</Filter>
    </ClCompile>
    <ClCompile Include="..\..\..\src\modules\TouchObjects\ScrollView\ScrollView.cpp">
      <Filter>Blocks\Touch\src\modules\TouchObjects\Scrollview</Filter>
    </ClCompile>
  </ItemGroup>
  <ItemGroup>
    <ClInclude Include="..\include\Resources.h">
      <Filter>Header Files</Filter>
    </ClInclude>
    <ClInclude Include="..\..\..\src\modules\TouchObjects\Button\BaseButton.h">
      <Filter>Blocks\Touch\src\modules\TouchObjects\Button</Filter>
    </ClInclude>
    <ClInclude Include="..\..\..\src\modules\TouchObjects\Keyboard\Key.h">
      <Filter>Blocks\Touch\src\modules\TouchObjects\Keyboard</Filter>
    </ClInclude>
    <ClInclude Include="..\..\..\src\modules\TouchObjects\Keyboard\Keyboard.h">
      <Filter>Blocks\Touch\src\modules\TouchObjects\Keyboard</Filter>
    </ClInclude>
    <ClInclude Include="..\..\..\src\modules\TouchObjects\ScrollView\ScrollView.h">
      <Filter>Blocks\Touch\src\modules\TouchObjects\Scrollview</Filter>
    </ClInclude>
    <ClInclude Include="..\..\..\src\modules\TouchObjects\ScrollView\ScrollViewSection.h">
      <Filter>Blocks\Touch\src\modules\TouchObjects\Scrollview</Filter>
    </ClInclude>
  </ItemGroup>
  <ItemGroup>
    <ResourceCompile Include="Resources.rc">
      <Filter>Resource Files</Filter>
    </ResourceCompile>
  </ItemGroup>
</Project>