// !$*UTF8*$!
{
	archiveVersion = 1;
	classes = {
	};
	objectVersion = 46;
	objects = {

/* Begin PBXBuildFile section */
		0091D8F90E81B9330029341E /* OpenGL.framework in Frameworks */ = {isa = PBXBuildFile; fileRef = 0091D8F80E81B9330029341E /* OpenGL.framework */; };
		00B784B30FF439BC000DE1D7 /* Accelerate.framework in Frameworks */ = {isa = PBXBuildFile; fileRef = 00B784AF0FF439BC000DE1D7 /* Accelerate.framework */; };
		00B784B40FF439BC000DE1D7 /* AudioToolbox.framework in Frameworks */ = {isa = PBXBuildFile; fileRef = 00B784B00FF439BC000DE1D7 /* AudioToolbox.framework */; };
		00B784B50FF439BC000DE1D7 /* AudioUnit.framework in Frameworks */ = {isa = PBXBuildFile; fileRef = 00B784B10FF439BC000DE1D7 /* AudioUnit.framework */; };
		00B784B60FF439BC000DE1D7 /* CoreAudio.framework in Frameworks */ = {isa = PBXBuildFile; fileRef = 00B784B20FF439BC000DE1D7 /* CoreAudio.framework */; };
		011611B119746CEB002271C8 /* SampleObject.cpp in Sources */ = {isa = PBXBuildFile; fileRef = 011611AF19746CEB002271C8 /* SampleObject.cpp */; };
		2CEDAF23748441ABB0FCAD90 /* OscPrintReceivedElements.cpp in Sources */ = {isa = PBXBuildFile; fileRef = FA4CB6CC2642456E889EE12F /* OscPrintReceivedElements.cpp */; };
		3139CD8BA1D942DEBE24F2B9 /* OscMessage.cpp in Sources */ = {isa = PBXBuildFile; fileRef = 0CEC02F8F9F6454396C539A9 /* OscMessage.cpp */; };
		3272ADC7977B4D92937437C1 /* OscTypes.cpp in Sources */ = {isa = PBXBuildFile; fileRef = BBA87D796503470BA378D1AA /* OscTypes.cpp */; };
		3374044BF7144C8F9154DB11 /* BaseTouchObject.cpp in Sources */ = {isa = PBXBuildFile; fileRef = A65D9AA4277D4C6CBE89536D /* BaseTouchObject.cpp */; };
		47B31FD422064F04B3EFF539 /* OscReceivedElements.cpp in Sources */ = {isa = PBXBuildFile; fileRef = 096885D40833411E8E54B12B /* OscReceivedElements.cpp */; };
		5323E6B20EAFCA74003A9687 /* CoreVideo.framework in Frameworks */ = {isa = PBXBuildFile; fileRef = 5323E6B10EAFCA74003A9687 /* CoreVideo.framework */; };
		5323E6B60EAFCA7E003A9687 /* QTKit.framework in Frameworks */ = {isa = PBXBuildFile; fileRef = 5323E6B50EAFCA7E003A9687 /* QTKit.framework */; };
		5AD08C2F7301474BBAA6A210 /* OscListener.cpp in Sources */ = {isa = PBXBuildFile; fileRef = 5AB5B8805950439CBDADBE81 /* OscListener.cpp */; };
		605982C5D480401982CE8265 /* Mouse.cpp in Sources */ = {isa = PBXBuildFile; fileRef = 203E1585A1924281848A280C /* Mouse.cpp */; };
		615355D448C44A9DB32EDF8A /* OscBundle.cpp in Sources */ = {isa = PBXBuildFile; fileRef = C8B64100AE0C45D9B0E3C513 /* OscBundle.cpp */; };
		69C78694BB9C44029F7ECF6E /* TUIO.cpp in Sources */ = {isa = PBXBuildFile; fileRef = 3C3FC017B655448C9A943FB1 /* TUIO.cpp */; };
		81D94A532C164485B3556434 /* TouchManager.cpp in Sources */ = {isa = PBXBuildFile; fileRef = DCD8066AC21445BB8249CEF3 /* TouchManager.cpp */; };
		8BCF361B8D334772AABA0B0B /* OscOutboundPacketStream.cpp in Sources */ = {isa = PBXBuildFile; fileRef = 55F464E4209A484187E969EC /* OscOutboundPacketStream.cpp */; };
		8D11072F0486CEB800E47090 /* Cocoa.framework in Frameworks */ = {isa = PBXBuildFile; fileRef = 1058C7A1FEA54F0111CA2CBB /* Cocoa.framework */; };
		A50EDB5059294D69A82D0FEB /* UdpSocket.cpp in Sources */ = {isa = PBXBuildFile; fileRef = EF0ACECD5C324FB9BEEAABA8 /* UdpSocket.cpp */; };
		A709F585B426475A96C1421C /* NetworkingUtils.cpp in Sources */ = {isa = PBXBuildFile; fileRef = E152CA23EE364BA99EBA605B /* NetworkingUtils.cpp */; };
		A76D8F612EE841F99ECC1DEF /* MultipleTouchObjectsApp.cpp in Sources */ = {isa = PBXBuildFile; fileRef = 2373688432554A2282760636 /* MultipleTouchObjectsApp.cpp */; };
		BB86012D6DEC4B638E058FA5 /* BaseButton.cpp in Sources */ = {isa = PBXBuildFile; fileRef = 870A5A8EAFAB410AA93383A6 /* BaseButton.cpp */; };
		D89FDD6E2A3D45B2B15D2325 /* IpEndpointName.cpp in Sources */ = {isa = PBXBuildFile; fileRef = E4463A3CC2364EBBB2AB25D1 /* IpEndpointName.cpp */; };
		DC346EE48C0840C8A7746B55 /* OscSender.cpp in Sources */ = {isa = PBXBuildFile; fileRef = D57B293D36834CA2894C92F0 /* OscSender.cpp */; };
		EC95C3311F93482084C49FD8 /* TuioClient.cpp in Sources */ = {isa = PBXBuildFile; fileRef = 3AB76A537A984BD2953B5BB4 /* TuioClient.cpp */; };
/* End PBXBuildFile section */

/* Begin PBXFileReference section */
		0091D8F80E81B9330029341E /* OpenGL.framework */ = {isa = PBXFileReference; lastKnownFileType = wrapper.framework; name = OpenGL.framework; path = /System/Library/Frameworks/OpenGL.framework; sourceTree = "<absolute>"; };
		00B784AF0FF439BC000DE1D7 /* Accelerate.framework */ = {isa = PBXFileReference; lastKnownFileType = wrapper.framework; name = Accelerate.framework; path = System/Library/Frameworks/Accelerate.framework; sourceTree = SDKROOT; };
		00B784B00FF439BC000DE1D7 /* AudioToolbox.framework */ = {isa = PBXFileReference; lastKnownFileType = wrapper.framework; name = AudioToolbox.framework; path = System/Library/Frameworks/AudioToolbox.framework; sourceTree = SDKROOT; };
		00B784B10FF439BC000DE1D7 /* AudioUnit.framework */ = {isa = PBXFileReference; lastKnownFileType = wrapper.framework; name = AudioUnit.framework; path = System/Library/Frameworks/AudioUnit.framework; sourceTree = SDKROOT; };
		00B784B20FF439BC000DE1D7 /* CoreAudio.framework */ = {isa = PBXFileReference; lastKnownFileType = wrapper.framework; name = CoreAudio.framework; path = System/Library/Frameworks/CoreAudio.framework; sourceTree = SDKROOT; };
		011611AF19746CEB002271C8 /* SampleObject.cpp */ = {isa = PBXFileReference; fileEncoding = 4; lastKnownFileType = sourcecode.cpp.cpp; name = SampleObject.cpp; path = ../src/SampleObject.cpp; sourceTree = "<group>"; };
		011611B019746CEB002271C8 /* SampleObject.h */ = {isa = PBXFileReference; fileEncoding = 4; lastKnownFileType = sourcecode.c.h; name = SampleObject.h; path = ../src/SampleObject.h; sourceTree = "<group>"; };
		06E24146BCC344B5A4791DDA /* OscListener.h */ = {isa = PBXFileReference; lastKnownFileType = sourcecode.c.h; name = OscListener.h; path = ../../../../OSC/src/OscListener.h; sourceTree = "<group>"; };
		096885D40833411E8E54B12B /* OscReceivedElements.cpp */ = {isa = PBXFileReference; lastKnownFileType = sourcecode.c.cpp; name = OscReceivedElements.cpp; path = ../../../../OSC/src/osc/OscReceivedElements.cpp; sourceTree = "<group>"; };
		0CEC02F8F9F6454396C539A9 /* OscMessage.cpp */ = {isa = PBXFileReference; lastKnownFileType = sourcecode.c.cpp; name = OscMessage.cpp; path = ../../../../OSC/src/OscMessage.cpp; sourceTree = "<group>"; };
		1058C7A1FEA54F0111CA2CBB /* Cocoa.framework */ = {isa = PBXFileReference; lastKnownFileType = wrapper.framework; name = Cocoa.framework; path = /System/Library/Frameworks/Cocoa.framework; sourceTree = "<absolute>"; };
		14F4E74107A44111951A7707 /* OscPrintReceivedElements.h */ = {isa = PBXFileReference; lastKnownFileType = sourcecode.c.h; name = OscPrintReceivedElements.h; path = ../../../../OSC/src/osc/OscPrintReceivedElements.h; sourceTree = "<group>"; };
		1597BB4FE0A944EBA1639835 /* OscPacketListener.h */ = {isa = PBXFileReference; lastKnownFileType = sourcecode.c.h; name = OscPacketListener.h; path = ../../../../OSC/src/osc/OscPacketListener.h; sourceTree = "<group>"; };
		166EF86A09784FD1A071BC99 /* Info.plist */ = {isa = PBXFileReference; lastKnownFileType = text.plist.xml; path = Info.plist; sourceTree = "<group>"; };
		1CC6FC51F32844F08493FA90 /* OscTypes.h */ = {isa = PBXFileReference; lastKnownFileType = sourcecode.c.h; name = OscTypes.h; path = ../../../../OSC/src/osc/OscTypes.h; sourceTree = "<group>"; };
		203E1585A1924281848A280C /* Mouse.cpp */ = {isa = PBXFileReference; lastKnownFileType = sourcecode.c.cpp; name = Mouse.cpp; path = ../../../src/modules/TouchDrivers/Mouse.cpp; sourceTree = "<group>"; };
		2373688432554A2282760636 /* MultipleTouchObjectsApp.cpp */ = {isa = PBXFileReference; lastKnownFileType = sourcecode.c.cpp; name = MultipleTouchObjectsApp.cpp; path = ../src/MultipleTouchObjectsApp.cpp; sourceTree = "<group>"; };
		29B97324FDCFA39411CA2CEA /* AppKit.framework */ = {isa = PBXFileReference; lastKnownFileType = wrapper.framework; name = AppKit.framework; path = /System/Library/Frameworks/AppKit.framework; sourceTree = "<absolute>"; };
		29B97325FDCFA39411CA2CEA /* Foundation.framework */ = {isa = PBXFileReference; lastKnownFileType = wrapper.framework; name = Foundation.framework; path = /System/Library/Frameworks/Foundation.framework; sourceTree = "<absolute>"; };
		2B696C2A604043508E2A4130 /* BaseButton.h */ = {isa = PBXFileReference; lastKnownFileType = sourcecode.c.h; name = BaseButton.h; path = ../../../src/modules/TouchObjects/BaseButton.h; sourceTree = "<group>"; };
		3183133E03A949AB82FF8458 /* OscHostEndianness.h */ = {isa = PBXFileReference; lastKnownFileType = sourcecode.c.h; name = OscHostEndianness.h; path = ../../../../OSC/src/osc/OscHostEndianness.h; sourceTree = "<group>"; };
		33AC1D9389C14DC0A8B3FAC6 /* OscReceivedElements.h */ = {isa = PBXFileReference; lastKnownFileType = sourcecode.c.h; name = OscReceivedElements.h; path = ../../../../OSC/src/osc/OscReceivedElements.h; sourceTree = "<group>"; };
		3AB76A537A984BD2953B5BB4 /* TuioClient.cpp */ = {isa = PBXFileReference; lastKnownFileType = sourcecode.c.cpp; name = TuioClient.cpp; path = ../../../../TUIO/src/TuioClient.cpp; sourceTree = "<group>"; };
		3C3FC017B655448C9A943FB1 /* TUIO.cpp */ = {isa = PBXFileReference; lastKnownFileType = sourcecode.c.cpp; name = TUIO.cpp; path = ../../../src/modules/TouchDrivers/TUIO.cpp; sourceTree = "<group>"; };
		471CED0202594B7B9D51EE17 /* TouchManager.h */ = {isa = PBXFileReference; lastKnownFileType = sourcecode.c.h; name = TouchManager.h; path = ../../../src/core/TouchManager.h; sourceTree = "<group>"; };
		4A7AACFF1C0D4ABBB38EF66C /* OscSender.h */ = {isa = PBXFileReference; lastKnownFileType = sourcecode.c.h; name = OscSender.h; path = ../../../../OSC/src/OscSender.h; sourceTree = "<group>"; };
		5077593DE7924A958CBF253D /* NetworkingUtils.h */ = {isa = PBXFileReference; lastKnownFileType = sourcecode.c.h; name = NetworkingUtils.h; path = ../../../../OSC/src/ip/NetworkingUtils.h; sourceTree = "<group>"; };
		5323E6B10EAFCA74003A9687 /* CoreVideo.framework */ = {isa = PBXFileReference; lastKnownFileType = wrapper.framework; name = CoreVideo.framework; path = /System/Library/Frameworks/CoreVideo.framework; sourceTree = "<absolute>"; };
		5323E6B50EAFCA7E003A9687 /* QTKit.framework */ = {isa = PBXFileReference; lastKnownFileType = wrapper.framework; name = QTKit.framework; path = /System/Library/Frameworks/QTKit.framework; sourceTree = "<absolute>"; };
		55F464E4209A484187E969EC /* OscOutboundPacketStream.cpp */ = {isa = PBXFileReference; lastKnownFileType = sourcecode.c.cpp; name = OscOutboundPacketStream.cpp; path = ../../../../OSC/src/osc/OscOutboundPacketStream.cpp; sourceTree = "<group>"; };
		5888CB60C1FB41A9B8E6B42C /* OscBundle.h */ = {isa = PBXFileReference; lastKnownFileType = sourcecode.c.h; name = OscBundle.h; path = ../../../../OSC/src/OscBundle.h; sourceTree = "<group>"; };
		59602EE2067F4EEAB21802A4 /* IpEndpointName.h */ = {isa = PBXFileReference; lastKnownFileType = sourcecode.c.h; name = IpEndpointName.h; path = ../../../../OSC/src/ip/IpEndpointName.h; sourceTree = "<group>"; };
		5A7B6A709E6744B6A31A51F3 /* TUIO.h */ = {isa = PBXFileReference; lastKnownFileType = sourcecode.c.h; name = TUIO.h; path = ../../../src/modules/TouchDrivers/TUIO.h; sourceTree = "<group>"; };
		5AB5B8805950439CBDADBE81 /* OscListener.cpp */ = {isa = PBXFileReference; lastKnownFileType = sourcecode.c.cpp; name = OscListener.cpp; path = ../../../../OSC/src/OscListener.cpp; sourceTree = "<group>"; };
		5DF92B618511479AB27E8312 /* TuioCursor.h */ = {isa = PBXFileReference; lastKnownFileType = sourcecode.c.h; name = TuioCursor.h; path = ../../../../TUIO/include/TuioCursor.h; sourceTree = "<group>"; };
		633C463CC47B4623BAB664FA /* TuioObject.h */ = {isa = PBXFileReference; lastKnownFileType = sourcecode.c.h; name = TuioObject.h; path = ../../../../TUIO/include/TuioObject.h; sourceTree = "<group>"; };
		6CDF588F75E9475F8ECD6276 /* PacketListener.h */ = {isa = PBXFileReference; lastKnownFileType = sourcecode.c.h; name = PacketListener.h; path = ../../../../OSC/src/ip/PacketListener.h; sourceTree = "<group>"; };
		7B1092BD28844EFEB75443E8 /* Mouse.h */ = {isa = PBXFileReference; lastKnownFileType = sourcecode.c.h; name = Mouse.h; path = ../../../src/modules/TouchDrivers/Mouse.h; sourceTree = "<group>"; };
		80A027FBEF6D4E6B9643F2AF /* OscException.h */ = {isa = PBXFileReference; lastKnownFileType = sourcecode.c.h; name = OscException.h; path = ../../../../OSC/src/osc/OscException.h; sourceTree = "<group>"; };
		82AA331D55404406B003D59F /* OscMessage.h */ = {isa = PBXFileReference; lastKnownFileType = sourcecode.c.h; name = OscMessage.h; path = ../../../../OSC/src/OscMessage.h; sourceTree = "<group>"; };
		86F6CF29FB534ED087767792 /* TuioClient.h */ = {isa = PBXFileReference; lastKnownFileType = sourcecode.c.h; name = TuioClient.h; path = ../../../../TUIO/include/TuioClient.h; sourceTree = "<group>"; };
		870A5A8EAFAB410AA93383A6 /* BaseButton.cpp */ = {isa = PBXFileReference; lastKnownFileType = sourcecode.c.cpp; name = BaseButton.cpp; path = ../../../src/modules/TouchObjects/BaseButton.cpp; sourceTree = "<group>"; };
		8D1107320486CEB800E47090 /* MultipleTouchObjects.app */ = {isa = PBXFileReference; explicitFileType = wrapper.application; includeInIndex = 0; path = MultipleTouchObjects.app; sourceTree = BUILT_PRODUCTS_DIR; };
		9CF1BB73B9994F7589710527 /* MultipleTouchObjects_Prefix.pch */ = {isa = PBXFileReference; lastKnownFileType = "\"\""; path = MultipleTouchObjects_Prefix.pch; sourceTree = "<group>"; };
		A65D9AA4277D4C6CBE89536D /* BaseTouchObject.cpp */ = {isa = PBXFileReference; lastKnownFileType = sourcecode.c.cpp; name = BaseTouchObject.cpp; path = ../../../src/core/BaseTouchObject.cpp; sourceTree = "<group>"; };
		AFB0535CF6BC4EF99F79A1F3 /* MessageMappingOscPacketListener.h */ = {isa = PBXFileReference; lastKnownFileType = sourcecode.c.h; name = MessageMappingOscPacketListener.h; path = ../../../../OSC/src/osc/MessageMappingOscPacketListener.h; sourceTree = "<group>"; };
		BBA87D796503470BA378D1AA /* OscTypes.cpp */ = {isa = PBXFileReference; lastKnownFileType = sourcecode.c.cpp; name = OscTypes.cpp; path = ../../../../OSC/src/osc/OscTypes.cpp; sourceTree = "<group>"; };
		C8B64100AE0C45D9B0E3C513 /* OscBundle.cpp */ = {isa = PBXFileReference; lastKnownFileType = sourcecode.c.cpp; name = OscBundle.cpp; path = ../../../../OSC/src/OscBundle.cpp; sourceTree = "<group>"; };
		D2D90BAF2B7843FAA12A273B /* TimerListener.h */ = {isa = PBXFileReference; lastKnownFileType = sourcecode.c.h; name = TimerListener.h; path = ../../../../OSC/src/ip/TimerListener.h; sourceTree = "<group>"; };
		D57B293D36834CA2894C92F0 /* OscSender.cpp */ = {isa = PBXFileReference; lastKnownFileType = sourcecode.c.cpp; name = OscSender.cpp; path = ../../../../OSC/src/OscSender.cpp; sourceTree = "<group>"; };
		D70E20645FEA4B4383B8E48B /* BaseTouchObject.h */ = {isa = PBXFileReference; lastKnownFileType = sourcecode.c.h; name = BaseTouchObject.h; path = ../../../src/core/BaseTouchObject.h; sourceTree = "<group>"; };
		D8B3CB39D2E0424ABB3675C5 /* OscOutboundPacketStream.h */ = {isa = PBXFileReference; lastKnownFileType = sourcecode.c.h; name = OscOutboundPacketStream.h; path = ../../../../OSC/src/osc/OscOutboundPacketStream.h; sourceTree = "<group>"; };
		DCD8066AC21445BB8249CEF3 /* TouchManager.cpp */ = {isa = PBXFileReference; lastKnownFileType = sourcecode.c.cpp; name = TouchManager.cpp; path = ../../../src/core/TouchManager.cpp; sourceTree = "<group>"; };
		E152CA23EE364BA99EBA605B /* NetworkingUtils.cpp */ = {isa = PBXFileReference; lastKnownFileType = sourcecode.c.cpp; name = NetworkingUtils.cpp; path = ../../../../OSC/src/ip/posix/NetworkingUtils.cpp; sourceTree = "<group>"; };
		E4463A3CC2364EBBB2AB25D1 /* IpEndpointName.cpp */ = {isa = PBXFileReference; lastKnownFileType = sourcecode.c.cpp; name = IpEndpointName.cpp; path = ../../../../OSC/src/ip/IpEndpointName.cpp; sourceTree = "<group>"; };
		E4C13879FDEC4D66B58E5FF8 /* OscArg.h */ = {isa = PBXFileReference; lastKnownFileType = sourcecode.c.h; name = OscArg.h; path = ../../../../OSC/src/OscArg.h; sourceTree = "<group>"; };
		EC9AA53C07934BE0856DD5E8 /* TuioProfileBase.h */ = {isa = PBXFileReference; lastKnownFileType = sourcecode.c.h; name = TuioProfileBase.h; path = ../../../../TUIO/include/TuioProfileBase.h; sourceTree = "<group>"; };
		EF0ACECD5C324FB9BEEAABA8 /* UdpSocket.cpp */ = {isa = PBXFileReference; lastKnownFileType = sourcecode.c.cpp; name = UdpSocket.cpp; path = ../../../../OSC/src/ip/posix/UdpSocket.cpp; sourceTree = "<group>"; };
		F6EA0CCD7AC342EA9C16B86D /* Resources.h */ = {isa = PBXFileReference; lastKnownFileType = sourcecode.c.h; name = Resources.h; path = ../include/Resources.h; sourceTree = "<group>"; };
		F9251CEC470D4E18A67F62F2 /* UdpSocket.h */ = {isa = PBXFileReference; lastKnownFileType = sourcecode.c.h; name = UdpSocket.h; path = ../../../../OSC/src/ip/UdpSocket.h; sourceTree = "<group>"; };
		FA4CB6CC2642456E889EE12F /* OscPrintReceivedElements.cpp */ = {isa = PBXFileReference; lastKnownFileType = sourcecode.c.cpp; name = OscPrintReceivedElements.cpp; path = ../../../../OSC/src/osc/OscPrintReceivedElements.cpp; sourceTree = "<group>"; };
/* End PBXFileReference section */

/* Begin PBXFrameworksBuildPhase section */
		8D11072E0486CEB800E47090 /* Frameworks */ = {
			isa = PBXFrameworksBuildPhase;
			buildActionMask = 2147483647;
			files = (
				8D11072F0486CEB800E47090 /* Cocoa.framework in Frameworks */,
				0091D8F90E81B9330029341E /* OpenGL.framework in Frameworks */,
				5323E6B20EAFCA74003A9687 /* CoreVideo.framework in Frameworks */,
				5323E6B60EAFCA7E003A9687 /* QTKit.framework in Frameworks */,
				00B784B30FF439BC000DE1D7 /* Accelerate.framework in Frameworks */,
				00B784B40FF439BC000DE1D7 /* AudioToolbox.framework in Frameworks */,
				00B784B50FF439BC000DE1D7 /* AudioUnit.framework in Frameworks */,
				00B784B60FF439BC000DE1D7 /* CoreAudio.framework in Frameworks */,
			);
			runOnlyForDeploymentPostprocessing = 0;
		};
/* End PBXFrameworksBuildPhase section */

/* Begin PBXGroup section */
		01B97315FEAEA392516A2CEA /* Blocks */ = {
			isa = PBXGroup;
			children = (
				3BF667A46DE24EB588E91AEB /* Touch */,
				7C3C7EC868C64E6BAB6FBFBD /* OSC */,
				F43E1607802C480EAB1C8B97 /* TUIO */,
			);
			name = Blocks;
			sourceTree = "<group>";
		};
		080E96DDFE201D6D7F000001 /* Source */ = {
			isa = PBXGroup;
			children = (
				2373688432554A2282760636 /* MultipleTouchObjectsApp.cpp */,
				011611AF19746CEB002271C8 /* SampleObject.cpp */,
				011611B019746CEB002271C8 /* SampleObject.h */,
			);
			name = Source;
			sourceTree = "<group>";
		};
		1058C7A0FEA54F0111CA2CBB /* Linked Frameworks */ = {
			isa = PBXGroup;
			children = (
				00B784AF0FF439BC000DE1D7 /* Accelerate.framework */,
				00B784B00FF439BC000DE1D7 /* AudioToolbox.framework */,
				00B784B10FF439BC000DE1D7 /* AudioUnit.framework */,
				00B784B20FF439BC000DE1D7 /* CoreAudio.framework */,
				5323E6B50EAFCA7E003A9687 /* QTKit.framework */,
				5323E6B10EAFCA74003A9687 /* CoreVideo.framework */,
				0091D8F80E81B9330029341E /* OpenGL.framework */,
				1058C7A1FEA54F0111CA2CBB /* Cocoa.framework */,
			);
			name = "Linked Frameworks";
			sourceTree = "<group>";
		};
		1058C7A2FEA54F0111CA2CBB /* Other Frameworks */ = {
			isa = PBXGroup;
			children = (
				29B97324FDCFA39411CA2CEA /* AppKit.framework */,
				29B97325FDCFA39411CA2CEA /* Foundation.framework */,
			);
			name = "Other Frameworks";
			sourceTree = "<group>";
		};
		19C28FACFE9D520D11CA2CBB /* Products */ = {
			isa = PBXGroup;
			children = (
				8D1107320486CEB800E47090 /* MultipleTouchObjects.app */,
			);
			name = Products;
			sourceTree = "<group>";
		};
		1C554E9A017D460F9B32B3A2 /* include */ = {
			isa = PBXGroup;
			children = (
				86F6CF29FB534ED087767792 /* TuioClient.h */,
				5DF92B618511479AB27E8312 /* TuioCursor.h */,
				633C463CC47B4623BAB664FA /* TuioObject.h */,
				EC9AA53C07934BE0856DD5E8 /* TuioProfileBase.h */,
			);
			name = include;
			sourceTree = "<group>";
		};
		29B97314FDCFA39411CA2CEA /* MultipleTouchObjects */ = {
			isa = PBXGroup;
			children = (
				01B97315FEAEA392516A2CEA /* Blocks */,
				29B97315FDCFA39411CA2CEA /* Headers */,
				080E96DDFE201D6D7F000001 /* Source */,
				29B97317FDCFA39411CA2CEA /* Resources */,
				29B97323FDCFA39411CA2CEA /* Frameworks */,
				19C28FACFE9D520D11CA2CBB /* Products */,
			);
			name = MultipleTouchObjects;
			sourceTree = "<group>";
		};
		29B97315FDCFA39411CA2CEA /* Headers */ = {
			isa = PBXGroup;
			children = (
				F6EA0CCD7AC342EA9C16B86D /* Resources.h */,
				9CF1BB73B9994F7589710527 /* MultipleTouchObjects_Prefix.pch */,
			);
			name = Headers;
			sourceTree = "<group>";
		};
		29B97317FDCFA39411CA2CEA /* Resources */ = {
			isa = PBXGroup;
			children = (
				166EF86A09784FD1A071BC99 /* Info.plist */,
			);
			name = Resources;
			sourceTree = "<group>";
		};
		29B97323FDCFA39411CA2CEA /* Frameworks */ = {
			isa = PBXGroup;
			children = (
				1058C7A0FEA54F0111CA2CBB /* Linked Frameworks */,
				1058C7A2FEA54F0111CA2CBB /* Other Frameworks */,
			);
			name = Frameworks;
			sourceTree = "<group>";
		};
		3055CEC79F0048F7B78C02C5 /* core */ = {
			isa = PBXGroup;
			children = (
				A65D9AA4277D4C6CBE89536D /* BaseTouchObject.cpp */,
				DCD8066AC21445BB8249CEF3 /* TouchManager.cpp */,
				D70E20645FEA4B4383B8E48B /* BaseTouchObject.h */,
				471CED0202594B7B9D51EE17 /* TouchManager.h */,
			);
			name = core;
			sourceTree = "<group>";
		};
		36304F0E928842CFAC71B5DE /* posix */ = {
			isa = PBXGroup;
			children = (
				E152CA23EE364BA99EBA605B /* NetworkingUtils.cpp */,
				EF0ACECD5C324FB9BEEAABA8 /* UdpSocket.cpp */,
			);
			name = posix;
			sourceTree = "<group>";
		};
		3BF667A46DE24EB588E91AEB /* Touch */ = {
			isa = PBXGroup;
			children = (
				DC02AB0ACA244773A0A9E1FE /* src */,
			);
			name = Touch;
			sourceTree = "<group>";
		};
		4268B37F6FBA4695BDC48A1B /* TouchObjects */ = {
			isa = PBXGroup;
			children = (
				870A5A8EAFAB410AA93383A6 /* BaseButton.cpp */,
				2B696C2A604043508E2A4130 /* BaseButton.h */,
			);
			name = TouchObjects;
			sourceTree = "<group>";
		};
		48BCD1223B894200A1E32B8A /* osc */ = {
			isa = PBXGroup;
			children = (
				55F464E4209A484187E969EC /* OscOutboundPacketStream.cpp */,
				FA4CB6CC2642456E889EE12F /* OscPrintReceivedElements.cpp */,
				096885D40833411E8E54B12B /* OscReceivedElements.cpp */,
				BBA87D796503470BA378D1AA /* OscTypes.cpp */,
				AFB0535CF6BC4EF99F79A1F3 /* MessageMappingOscPacketListener.h */,
				80A027FBEF6D4E6B9643F2AF /* OscException.h */,
				3183133E03A949AB82FF8458 /* OscHostEndianness.h */,
				D8B3CB39D2E0424ABB3675C5 /* OscOutboundPacketStream.h */,
				1597BB4FE0A944EBA1639835 /* OscPacketListener.h */,
				14F4E74107A44111951A7707 /* OscPrintReceivedElements.h */,
				33AC1D9389C14DC0A8B3FAC6 /* OscReceivedElements.h */,
				1CC6FC51F32844F08493FA90 /* OscTypes.h */,
			);
			name = osc;
			sourceTree = "<group>";
		};
		5A0ED676B38D459896B2E338 /* modules */ = {
			isa = PBXGroup;
			children = (
				4268B37F6FBA4695BDC48A1B /* TouchObjects */,
				8990DA1D84244F61886C7959 /* TouchDrivers */,
			);
			name = modules;
			sourceTree = "<group>";
		};
		5D9A4E08C4B54181BBE771A6 /* src */ = {
			isa = PBXGroup;
			children = (
				C8B64100AE0C45D9B0E3C513 /* OscBundle.cpp */,
				5AB5B8805950439CBDADBE81 /* OscListener.cpp */,
				0CEC02F8F9F6454396C539A9 /* OscMessage.cpp */,
				D57B293D36834CA2894C92F0 /* OscSender.cpp */,
				6A51D4516C634A6086A345E6 /* ip */,
				48BCD1223B894200A1E32B8A /* osc */,
				E4C13879FDEC4D66B58E5FF8 /* OscArg.h */,
				5888CB60C1FB41A9B8E6B42C /* OscBundle.h */,
				06E24146BCC344B5A4791DDA /* OscListener.h */,
				82AA331D55404406B003D59F /* OscMessage.h */,
				4A7AACFF1C0D4ABBB38EF66C /* OscSender.h */,
			);
			name = src;
			sourceTree = "<group>";
		};
		6A51D4516C634A6086A345E6 /* ip */ = {
			isa = PBXGroup;
			children = (
				E4463A3CC2364EBBB2AB25D1 /* IpEndpointName.cpp */,
				59602EE2067F4EEAB21802A4 /* IpEndpointName.h */,
				5077593DE7924A958CBF253D /* NetworkingUtils.h */,
				6CDF588F75E9475F8ECD6276 /* PacketListener.h */,
				D2D90BAF2B7843FAA12A273B /* TimerListener.h */,
				F9251CEC470D4E18A67F62F2 /* UdpSocket.h */,
				36304F0E928842CFAC71B5DE /* posix */,
			);
			name = ip;
			sourceTree = "<group>";
		};
		7C3C7EC868C64E6BAB6FBFBD /* OSC */ = {
			isa = PBXGroup;
			children = (
				5D9A4E08C4B54181BBE771A6 /* src */,
			);
			name = OSC;
			sourceTree = "<group>";
		};
		8990DA1D84244F61886C7959 /* TouchDrivers */ = {
			isa = PBXGroup;
			children = (
				203E1585A1924281848A280C /* Mouse.cpp */,
				3C3FC017B655448C9A943FB1 /* TUIO.cpp */,
				7B1092BD28844EFEB75443E8 /* Mouse.h */,
				5A7B6A709E6744B6A31A51F3 /* TUIO.h */,
			);
			name = TouchDrivers;
			sourceTree = "<group>";
		};
		960198BA985C45CE8578C822 /* src */ = {
			isa = PBXGroup;
			children = (
				3AB76A537A984BD2953B5BB4 /* TuioClient.cpp */,
			);
			name = src;
			sourceTree = "<group>";
		};
		DC02AB0ACA244773A0A9E1FE /* src */ = {
			isa = PBXGroup;
			children = (
				3055CEC79F0048F7B78C02C5 /* core */,
				5A0ED676B38D459896B2E338 /* modules */,
			);
			name = src;
			sourceTree = "<group>";
		};
		F43E1607802C480EAB1C8B97 /* TUIO */ = {
			isa = PBXGroup;
			children = (
				960198BA985C45CE8578C822 /* src */,
				1C554E9A017D460F9B32B3A2 /* include */,
			);
			name = TUIO;
			sourceTree = "<group>";
		};
/* End PBXGroup section */

/* Begin PBXNativeTarget section */
		8D1107260486CEB800E47090 /* MultipleTouchObjects */ = {
			isa = PBXNativeTarget;
			buildConfigurationList = C01FCF4A08A954540054247B /* Build configuration list for PBXNativeTarget "MultipleTouchObjects" */;
			buildPhases = (
				8D1107290486CEB800E47090 /* Resources */,
				8D11072C0486CEB800E47090 /* Sources */,
				8D11072E0486CEB800E47090 /* Frameworks */,
			);
			buildRules = (
			);
			dependencies = (
			);
			name = MultipleTouchObjects;
			productInstallPath = "$(HOME)/Applications";
			productName = MultipleTouchObjects;
			productReference = 8D1107320486CEB800E47090 /* MultipleTouchObjects.app */;
			productType = "com.apple.product-type.application";
		};
/* End PBXNativeTarget section */

/* Begin PBXProject section */
		29B97313FDCFA39411CA2CEA /* Project object */ = {
			isa = PBXProject;
			buildConfigurationList = C01FCF4E08A954540054247B /* Build configuration list for PBXProject "MultipleTouchObjects" */;
			compatibilityVersion = "Xcode 3.2";
			developmentRegion = English;
			hasScannedForEncodings = 1;
			knownRegions = (
				English,
				Japanese,
				French,
				German,
			);
			mainGroup = 29B97314FDCFA39411CA2CEA /* MultipleTouchObjects */;
			projectDirPath = "";
			projectRoot = "";
			targets = (
				8D1107260486CEB800E47090 /* MultipleTouchObjects */,
			);
		};
/* End PBXProject section */

/* Begin PBXResourcesBuildPhase section */
		8D1107290486CEB800E47090 /* Resources */ = {
			isa = PBXResourcesBuildPhase;
			buildActionMask = 2147483647;
			files = (
			);
			runOnlyForDeploymentPostprocessing = 0;
		};
/* End PBXResourcesBuildPhase section */

/* Begin PBXSourcesBuildPhase section */
		8D11072C0486CEB800E47090 /* Sources */ = {
			isa = PBXSourcesBuildPhase;
			buildActionMask = 2147483647;
			files = (
				A76D8F612EE841F99ECC1DEF /* MultipleTouchObjectsApp.cpp in Sources */,
				3374044BF7144C8F9154DB11 /* BaseTouchObject.cpp in Sources */,
				81D94A532C164485B3556434 /* TouchManager.cpp in Sources */,
				BB86012D6DEC4B638E058FA5 /* BaseButton.cpp in Sources */,
				605982C5D480401982CE8265 /* Mouse.cpp in Sources */,
				69C78694BB9C44029F7ECF6E /* TUIO.cpp in Sources */,
				615355D448C44A9DB32EDF8A /* OscBundle.cpp in Sources */,
				5AD08C2F7301474BBAA6A210 /* OscListener.cpp in Sources */,
				3139CD8BA1D942DEBE24F2B9 /* OscMessage.cpp in Sources */,
				DC346EE48C0840C8A7746B55 /* OscSender.cpp in Sources */,
				D89FDD6E2A3D45B2B15D2325 /* IpEndpointName.cpp in Sources */,
				8BCF361B8D334772AABA0B0B /* OscOutboundPacketStream.cpp in Sources */,
				2CEDAF23748441ABB0FCAD90 /* OscPrintReceivedElements.cpp in Sources */,
				47B31FD422064F04B3EFF539 /* OscReceivedElements.cpp in Sources */,
				3272ADC7977B4D92937437C1 /* OscTypes.cpp in Sources */,
				A709F585B426475A96C1421C /* NetworkingUtils.cpp in Sources */,
				A50EDB5059294D69A82D0FEB /* UdpSocket.cpp in Sources */,
				EC95C3311F93482084C49FD8 /* TuioClient.cpp in Sources */,
				011611B119746CEB002271C8 /* SampleObject.cpp in Sources */,
			);
			runOnlyForDeploymentPostprocessing = 0;
		};
/* End PBXSourcesBuildPhase section */

/* Begin XCBuildConfiguration section */
		C01FCF4B08A954540054247B /* Debug */ = {
			isa = XCBuildConfiguration;
			buildSettings = {
				COMBINE_HIDPI_IMAGES = YES;
				COPY_PHASE_STRIP = NO;
				DEAD_CODE_STRIPPING = YES;
				GCC_DYNAMIC_NO_PIC = NO;
				GCC_INLINES_ARE_PRIVATE_EXTERN = YES;
				GCC_OPTIMIZATION_LEVEL = 0;
				GCC_PRECOMPILE_PREFIX_HEADER = YES;
				GCC_PREFIX_HEADER = MultipleTouchObjects_Prefix.pch;
				GCC_PREPROCESSOR_DEFINITIONS = (
					"DEBUG=1",
					"$(inherited)",
				);
				GCC_SYMBOLS_PRIVATE_EXTERN = NO;
				INFOPLIST_FILE = Info.plist;
				INSTALL_PATH = "$(HOME)/Applications";
				OTHER_LDFLAGS = "\"$(CINDER_PATH)/lib/libcinder_d.a\"";
				PRODUCT_NAME = MultipleTouchObjects;
				SYMROOT = ./build;
				WRAPPER_EXTENSION = app;
			};
			name = Debug;
		};
		C01FCF4C08A954540054247B /* Release */ = {
			isa = XCBuildConfiguration;
			buildSettings = {
				COMBINE_HIDPI_IMAGES = YES;
				DEAD_CODE_STRIPPING = YES;
				DEBUG_INFORMATION_FORMAT = "dwarf-with-dsym";
				GCC_FAST_MATH = YES;
				GCC_GENERATE_DEBUGGING_SYMBOLS = NO;
				GCC_INLINES_ARE_PRIVATE_EXTERN = YES;
				GCC_OPTIMIZATION_LEVEL = 3;
				GCC_PRECOMPILE_PREFIX_HEADER = YES;
				GCC_PREFIX_HEADER = MultipleTouchObjects_Prefix.pch;
				GCC_SYMBOLS_PRIVATE_EXTERN = NO;
				INFOPLIST_FILE = Info.plist;
				INSTALL_PATH = "$(HOME)/Applications";
				OTHER_LDFLAGS = "\"$(CINDER_PATH)/lib/libcinder.a\"";
				PRODUCT_NAME = MultipleTouchObjects;
				STRIP_INSTALLED_PRODUCT = YES;
				SYMROOT = ./build;
				WRAPPER_EXTENSION = app;
			};
			name = Release;
		};
		C01FCF4F08A954540054247B /* Debug */ = {
			isa = XCBuildConfiguration;
			buildSettings = {
				ALWAYS_SEARCH_USER_PATHS = NO;
				ARCHS = "$(ARCHS_STANDARD_32_64_BIT)";
				CINDER_PATH = ../../../../..;
				CLANG_CXX_LANGUAGE_STANDARD = "c++0x";
				CLANG_CXX_LIBRARY = "libc++";
				GCC_WARN_ABOUT_RETURN_TYPE = YES;
				GCC_WARN_UNUSED_VARIABLE = YES;
				HEADER_SEARCH_PATHS = "\"$(CINDER_PATH)/boost\"";
				MACOSX_DEPLOYMENT_TARGET = 10.7;
				SDKROOT = macosx;
				USER_HEADER_SEARCH_PATHS = "\"$(CINDER_PATH)/include\" ../include ../../../src/core ../../../src/modules ../../../../OSC/src ../../../../TUIO/include";
			};
			name = Debug;
		};
		C01FCF5008A954540054247B /* Release */ = {
			isa = XCBuildConfiguration;
			buildSettings = {
				ALWAYS_SEARCH_USER_PATHS = NO;
				ARCHS = "$(ARCHS_STANDARD_32_64_BIT)";
				CINDER_PATH = ../../../../..;
				CLANG_CXX_LANGUAGE_STANDARD = "c++0x";
				CLANG_CXX_LIBRARY = "libc++";
				GCC_WARN_ABOUT_RETURN_TYPE = YES;
				GCC_WARN_UNUSED_VARIABLE = YES;
				HEADER_SEARCH_PATHS = "\"$(CINDER_PATH)/boost\"";
				MACOSX_DEPLOYMENT_TARGET = 10.7;
				SDKROOT = macosx;
				USER_HEADER_SEARCH_PATHS = "\"$(CINDER_PATH)/include\" ../include ../../../src/core ../../../src/modules ../../../../OSC/src ../../../../TUIO/include";
			};
			name = Release;
		};
/* End XCBuildConfiguration section */

/* Begin XCConfigurationList section */
		C01FCF4A08A954540054247B /* Build configuration list for PBXNativeTarget "MultipleTouchObjects" */ = {
			isa = XCConfigurationList;
			buildConfigurations = (
				C01FCF4B08A954540054247B /* Debug */,
				C01FCF4C08A954540054247B /* Release */,
			);
			defaultConfigurationIsVisible = 0;
			defaultConfigurationName = Release;
		};
		C01FCF4E08A954540054247B /* Build configuration list for PBXProject "MultipleTouchObjects" */ = {
			isa = XCConfigurationList;
			buildConfigurations = (
				C01FCF4F08A954540054247B /* Debug */,
				C01FCF5008A954540054247B /* Release */,
			);
			defaultConfigurationIsVisible = 0;
			defaultConfigurationName = Release;
		};
/* End XCConfigurationList section */
	};
	rootObject = 29B97313FDCFA39411CA2CEA /* Project object */;
}
